
Microsoft Visual Studio Solution File, Format Version 12.00
# Visual Studio Version 17
VisualStudioVersion = 17.0.31919.166
MinimumVisualStudioVersion = 10.0.40219.1
Project("{FAE04EC0-301F-11D3-BF4B-00C04F79EFBC}") = "runtime_SerialPort_TestApp", "runtime_SerialPort_TestApp\runtime_SerialPort_TestApp.csproj", "{DDF2989E-5744-4CFD-AAE5-108D59898856}"
EndProject
Global
	GlobalSection(SolutionConfigurationPlatforms) = preSolution
		Debug|Any CPU = Debug|Any CPU
		Release|Any CPU = Release|Any CPU
	EndGlobalSection
	GlobalSection(ProjectConfigurationPlatforms) = postSolution
		{DDF2989E-5744-4CFD-AAE5-108D59898856}.Debug|Any CPU.ActiveCfg = Debug|Any CPU
		{DDF2989E-5744-4CFD-AAE5-108D59898856}.Debug|Any CPU.Build.0 = Debug|Any CPU
		{DDF2989E-5744-4CFD-AAE5-108D59898856}.Release|Any CPU.ActiveCfg = Release|Any CPU
		{DDF2989E-5744-4CFD-AAE5-108D59898856}.Release|Any CPU.Build.0 = Release|Any CPU
	EndGlobalSection
	GlobalSection(SolutionProperties) = preSolution
		HideSolutionNode = FALSE
	EndGlobalSection
	GlobalSection(ExtensibilityGlobals) = postSolution
		SolutionGuid = {3490427A-5F23-43F6-AD9F-7DDA3CBA1ADF}
	EndGlobalSection
EndGlobal
